github.com/logrusorgru/aurora v0.0.0-20200102142835-e9ef32dff381 h1:bqDmpDG49ZRnB5PcgP0RXtQvnMSgIF14M7CBd2shtXs=
github.com/logrusorgru/aurora v0.0.0-20200102142835-e9ef32dff381/go.mod h1:7rIyQOR62GCctdiQpZ/zOJlFyk6y+94wXzv6RNZgaR4=
github.com/moby/moby v1.13.1 h1:mC5WwQwCXt/dYxZ1cIrRsnJAWw7VdtcTZUIGr4tXzOM=
github.com/moby/moby v1.13.1/go.mod h1:fDXVQ6+S340veQPv35CzDahGBmHsiclFwfEygB/TWMc=
github.com/mssola/user_agent v0.5.2 h1:CZkTUahjL1+OcZ5zv3kZr8QiJ8jy2H08vZIEkBeRbxo=
github.com/mssola/user_agent v0.5.2/go.mod h1:TTPno8LPY3wAIEKRpAtkdMT0f8SE24pLRGPahjCH4uw=
